// !$*UTF8*$!
{
	archiveVersion = 1;
	classes = {
	};
	objectVersion = 50;
	objects = {

/* Begin PBXBuildFile section */
		62134A2121D8C475009B8B63 /* AppDelegate.swift in Sources */ = {isa = PBXBuildFile; fileRef = 62134A2021D8C475009B8B63 /* AppDelegate.swift */; };
		62134A2321D8C475009B8B63 /* ViewController.swift in Sources */ = {isa = PBXBuildFile; fileRef = 62134A2221D8C475009B8B63 /* ViewController.swift */; };
		62134A2521D8C475009B8B63 /* Assets.xcassets in Resources */ = {isa = PBXBuildFile; fileRef = 62134A2421D8C475009B8B63 /* Assets.xcassets */; };
		62134A2821D8C475009B8B63 /* Main.storyboard in Resources */ = {isa = PBXBuildFile; fileRef = 62134A2621D8C475009B8B63 /* Main.storyboard */; };
		62134A3121D8CB0F009B8B63 /* remote_install_pc.py in Resources */ = {isa = PBXBuildFile; fileRef = 62134A3021D8CB0F009B8B63 /* remote_install_pc.py */; };
/* End PBXBuildFile section */

/* Begin PBXFileReference section */
		62134A1D21D8C475009B8B63 /* SwitchNetworkInstaller.app */ = {isa = PBXFileReference; explicitFileType = wrapper.application; includeInIndex = 0; path = SwitchNetworkInstaller.app; sourceTree = BUILT_PRODUCTS_DIR; };
		62134A2021D8C475009B8B63 /* AppDelegate.swift */ = {isa = PBXFileReference; lastKnownFileType = sourcecode.swift; path = AppDelegate.swift; sourceTree = "<group>"; };
		62134A2221D8C475009B8B63 /* ViewController.swift */ = {isa = PBXFileReference; lastKnownFileType = sourcecode.swift; path = ViewController.swift; sourceTree = "<group>"; };
		62134A2421D8C475009B8B63 /* Assets.xcassets */ = {isa = PBXFileReference; lastKnownFileType = folder.assetcatalog; path = Assets.xcassets; sourceTree = "<group>"; };
		62134A2721D8C475009B8B63 /* Base */ = {isa = PBXFileReference; lastKnownFileType = file.storyboard; name = Base; path = Base.lproj/Main.storyboard; sourceTree = "<group>"; };
		62134A2921D8C475009B8B63 /* Info.plist */ = {isa = PBXFileReference; lastKnownFileType = text.plist.xml; path = Info.plist; sourceTree = "<group>"; };
		62134A3021D8CB0F009B8B63 /* remote_install_pc.py */ = {isa = PBXFileReference; fileEncoding = 4; lastKnownFileType = text.script.python; path = remote_install_pc.py; sourceTree = "<group>"; };
		62134A3321D8D1A0009B8B63 /* Python.framework */ = {isa = PBXFileReference; lastKnownFileType = wrapper.framework; name = Python.framework; path = System/Library/Frameworks/Python.framework; sourceTree = SDKROOT; };
/* End PBXFileReference section */

/* Begin PBXFrameworksBuildPhase section */
		62134A1A21D8C475009B8B63 /* Frameworks */ = {
			isa = PBXFrameworksBuildPhase;
			buildActionMask = 2147483647;
			files = (
			);
			runOnlyForDeploymentPostprocessing = 0;
		};
/* End PBXFrameworksBuildPhase section */

/* Begin PBXGroup section */
		62134A1421D8C475009B8B63 = {
			isa = PBXGroup;
			children = (
				62134A1F21D8C475009B8B63 /* SwitchNetworkInstaller */,
				62134A1E21D8C475009B8B63 /* Products */,
				62134A3221D8D1A0009B8B63 /* Frameworks */,
			);
			sourceTree = "<group>";
		};
		62134A1E21D8C475009B8B63 /* Products */ = {
			isa = PBXGroup;
			children = (
				62134A1D21D8C475009B8B63 /* SwitchNetworkInstaller.app */,
			);
			name = Products;
			sourceTree = "<group>";
		};
		62134A1F21D8C475009B8B63 /* SwitchNetworkInstaller */ = {
			isa = PBXGroup;
			children = (
				62134A2021D8C475009B8B63 /* AppDelegate.swift */,
				62134A2221D8C475009B8B63 /* ViewController.swift */,
				62134A2421D8C475009B8B63 /* Assets.xcassets */,
				62134A2621D8C475009B8B63 /* Main.storyboard */,
				62134A2921D8C475009B8B63 /* Info.plist */,
				62134A3021D8CB0F009B8B63 /* remote_install_pc.py */,
			);
			path = SwitchNetworkInstaller;
			sourceTree = "<group>";
		};
		62134A3221D8D1A0009B8B63 /* Frameworks */ = {
			isa = PBXGroup;
			children = (
				62134A3321D8D1A0009B8B63 /* Python.framework */,
			);
			name = Frameworks;
			sourceTree = "<group>";
		};
/* End PBXGroup section */

/* Begin PBXNativeTarget section */
		62134A1C21D8C475009B8B63 /* SwitchNetworkInstaller */ = {
			isa = PBXNativeTarget;
			buildConfigurationList = 62134A2D21D8C475009B8B63 /* Build configuration list for PBXNativeTarget "SwitchNetworkInstaller" */;
			buildPhases = (
				62134A1921D8C475009B8B63 /* Sources */,
				62134A1A21D8C475009B8B63 /* Frameworks */,
				62134A1B21D8C475009B8B63 /* Resources */,
			);
			buildRules = (
			);
			dependencies = (
			);
			name = SwitchNetworkInstaller;
			productName = SwitchNetworkInstaller;
			productReference = 62134A1D21D8C475009B8B63 /* SwitchNetworkInstaller.app */;
			productType = "com.apple.product-type.application";
		};
/* End PBXNativeTarget section */

/* Begin PBXProject section */
		62134A1521D8C475009B8B63 /* Project object */ = {
			isa = PBXProject;
			attributes = {
				LastSwiftUpdateCheck = 1000;
				LastUpgradeCheck = 1000;
				ORGANIZATIONNAME = "Dylan Elliott";
				TargetAttributes = {
					62134A1C21D8C475009B8B63 = {
						CreatedOnToolsVersion = 10.0;
					};
				};
			};
			buildConfigurationList = 62134A1821D8C475009B8B63 /* Build configuration list for PBXProject "SwitchNetworkInstaller" */;
			compatibilityVersion = "Xcode 9.3";
			developmentRegion = en;
			hasScannedForEncodings = 0;
			knownRegions = (
				en,
				Base,
			);
			mainGroup = 62134A1421D8C475009B8B63;
			productRefGroup = 62134A1E21D8C475009B8B63 /* Products */;
			projectDirPath = "";
			projectRoot = "";
			targets = (
				62134A1C21D8C475009B8B63 /* SwitchNetworkInstaller */,
			);
		};
/* End PBXProject section */

/* Begin PBXResourcesBuildPhase section */
		62134A1B21D8C475009B8B63 /* Resources */ = {
			isa = PBXResourcesBuildPhase;
			buildActionMask = 2147483647;
			files = (
				62134A2521D8C475009B8B63 /* Assets.xcassets in Resources */,
				62134A2821D8C475009B8B63 /* Main.storyboard in Resources */,
				62134A3121D8CB0F009B8B63 /* remote_install_pc.py in Resources */,
			);
			runOnlyForDeploymentPostprocessing = 0;
		};
/* End PBXResourcesBuildPhase section */

/* Begin PBXSourcesBuildPhase section */
		62134A1921D8C475009B8B63 /* Sources */ = {
			isa = PBXSourcesBuildPhase;
			buildActionMask = 2147483647;
			files = (
				62134A2321D8C475009B8B63 /* ViewController.swift in Sources */,
				62134A2121D8C475009B8B63 /* AppDelegate.swift in Sources */,
			);
			runOnlyForDeploymentPostprocessing = 0;
		};
/* End PBXSourcesBuildPhase section */

/* Begin PBXVariantGroup section */
		62134A2621D8C475009B8B63 /* Main.storyboard */ = {
			isa = PBXVariantGroup;
			children = (
				62134A2721D8C475009B8B63 /* Base */,
			);
			name = Main.storyboard;
			sourceTree = "<group>";
		};
/* End PBXVariantGroup section */

/* Begin XCBuildConfiguration section */
		62134A2B21D8C475009B8B63 /* Debug */ = {
			isa = XCBuildConfiguration;
			buildSettings = {
				ALWAYS_SEARCH_USER_PATHS = NO;
				CLANG_ANALYZER_NONNULL = YES;
				CLANG_ANALYZER_NUMBER_OBJECT_CONVERSION = YES_AGGRESSIVE;
				CLANG_CXX_LANGUAGE_STANDARD = "gnu++14";
				CLANG_CXX_LIBRARY = "libc++";
				CLANG_ENABLE_MODULES = YES;
				CLANG_ENABLE_OBJC_ARC = YES;
				CLANG_ENABLE_OBJC_WEAK = YES;
				CLANG_WARN_BLOCK_CAPTURE_AUTORELEASING = YES;
				CLANG_WARN_BOOL_CONVERSION = YES;
				CLANG_WARN_COMMA = YES;
				CLANG_WARN_CONSTANT_CONVERSION = YES;
				CLANG_WARN_DEPRECATED_OBJC_IMPLEMENTATIONS = YES;
				CLANG_WARN_DIRECT_OBJC_ISA_USAGE = YES_ERROR;
				CLANG_WARN_DOCUMENTATION_COMMENTS = YES;
				CLANG_WARN_EMPTY_BODY = YES;
				CLANG_WARN_ENUM_CONVERSION = YES;
				CLANG_WARN_INFINITE_RECURSION = YES;
				CLANG_WARN_INT_CONVERSION = YES;
				CLANG_WARN_NON_LITERAL_NULL_CONVERSION = YES;
				CLANG_WARN_OBJC_IMPLICIT_RETAIN_SELF = YES;
				CLANG_WARN_OBJC_LITERAL_CONVERSION = YES;
				CLANG_WARN_OBJC_ROOT_CLASS = YES_ERROR;
				CLANG_WARN_RANGE_LOOP_ANALYSIS = YES;
				CLANG_WARN_STRICT_PROTOTYPES = YES;
				CLANG_WARN_SUSPICIOUS_MOVE = YES;
				CLANG_WARN_UNGUARDED_AVAILABILITY = YES_AGGRESSIVE;
				CLANG_WARN_UNREACHABLE_CODE = YES;
				CLANG_WARN__DUPLICATE_METHOD_MATCH = YES;
				CODE_SIGN_IDENTITY = "Mac Developer";
				COPY_PHASE_STRIP = NO;
				DEBUG_INFORMATION_FORMAT = dwarf;
				ENABLE_STRICT_OBJC_MSGSEND = YES;
				ENABLE_TESTABILITY = YES;
				GCC_C_LANGUAGE_STANDARD = gnu11;
				GCC_DYNAMIC_NO_PIC = NO;
				GCC_NO_COMMON_BLOCKS = YES;
				GCC_OPTIMIZATION_LEVEL = 0;
				GCC_PREPROCESSOR_DEFINITIONS = (
					"DEBUG=1",
					"$(inherited)",
				);
				GCC_WARN_64_TO_32_BIT_CONVERSION = YES;
				GCC_WARN_ABOUT_RETURN_TYPE = YES_ERROR;
				GCC_WARN_UNDECLARED_SELECTOR = YES;
				GCC_WARN_UNINITIALIZED_AUTOS = YES_AGGRESSIVE;
				GCC_WARN_UNUSED_FUNCTION = YES;
				GCC_WARN_UNUSED_VARIABLE = YES;
				MACOSX_DEPLOYMENT_TARGET = 10.14;
				MTL_ENABLE_DEBUG_INFO = INCLUDE_SOURCE;
				MTL_FAST_MATH = YES;
				ONLY_ACTIVE_ARCH = YES;
				SDKROOT = macosx;
				SWIFT_ACTIVE_COMPILATION_CONDITIONS = DEBUG;
				SWIFT_OPTIMIZATION_LEVEL = "-Onone";
			};
			name = Debug;
		};
		62134A2C21D8C475009B8B63 /* Release */ = {
			isa = XCBuildConfiguration;
			buildSettings = {
				ALWAYS_SEARCH_USER_PATHS = NO;
				CLANG_ANALYZER_NONNULL = YES;
				CLANG_ANALYZER_NUMBER_OBJECT_CONVERSION = YES_AGGRESSIVE;
				CLANG_CXX_LANGUAGE_STANDARD = "gnu++14";
				CLANG_CXX_LIBRARY = "libc++";
				CLANG_ENABLE_MODULES = YES;
				CLANG_ENABLE_OBJC_ARC = YES;
				CLANG_ENABLE_OBJC_WEAK = YES;
				CLANG_WARN_BLOCK_CAPTURE_AUTORELEASING = YES;
				CLANG_WARN_BOOL_CONVERSION = YES;
				CLANG_WARN_COMMA = YES;
				CLANG_WARN_CONSTANT_CONVERSION = YES;
				CLANG_WARN_DEPRECATED_OBJC_IMPLEMENTATIONS = YES;
				CLANG_WARN_DIRECT_OBJC_ISA_USAGE = YES_ERROR;
				CLANG_WARN_DOCUMENTATION_COMMENTS = YES;
				CLANG_WARN_EMPTY_BODY = YES;
				CLANG_WARN_ENUM_CONVERSION = YES;
				CLANG_WARN_INFINITE_RECURSION = YES;
				CLANG_WARN_INT_CONVERSION = YES;
				CLANG_WARN_NON_LITERAL_NULL_CONVERSION = YES;
				CLANG_WARN_OBJC_IMPLICIT_RETAIN_SELF = YES;
				CLANG_WARN_OBJC_LITERAL_CONVERSION = YES;
				CLANG_WARN_OBJC_ROOT_CLASS = YES_ERROR;
				CLANG_WARN_RANGE_LOOP_ANALYSIS = YES;
				CLANG_WARN_STRICT_PROTOTYPES = YES;
				CLANG_WARN_SUSPICIOUS_MOVE = YES;
				CLANG_WARN_UNGUARDED_AVAILABILITY = YES_AGGRESSIVE;
				CLANG_WARN_UNREACHABLE_CODE = YES;
				CLANG_WARN__DUPLICATE_METHOD_MATCH = YES;
				CODE_SIGN_IDENTITY = "Mac Developer";
				COPY_PHASE_STRIP = NO;
				DEBUG_INFORMATION_FORMAT = "dwarf-with-dsym";
				ENABLE_NS_ASSERTIONS = NO;
				ENABLE_STRICT_OBJC_MSGSEND = YES;
				GCC_C_LANGUAGE_STANDARD = gnu11;
				GCC_NO_COMMON_BLOCKS = YES;
				GCC_WARN_64_TO_32_BIT_CONVERSION = YES;
				GCC_WARN_ABOUT_RETURN_TYPE = YES_ERROR;
				GCC_WARN_UNDECLARED_SELECTOR = YES;
				GCC_WARN_UNINITIALIZED_AUTOS = YES_AGGRESSIVE;
				GCC_WARN_UNUSED_FUNCTION = YES;
				GCC_WARN_UNUSED_VARIABLE = YES;
				MACOSX_DEPLOYMENT_TARGET = 10.14;
				MTL_ENABLE_DEBUG_INFO = NO;
				MTL_FAST_MATH = YES;
				SDKROOT = macosx;
				SWIFT_COMPILATION_MODE = wholemodule;
				SWIFT_OPTIMIZATION_LEVEL = "-O";
			};
			name = Release;
		};
		62134A2E21D8C475009B8B63 /* Debug */ = {
			isa = XCBuildConfiguration;
			buildSettings = {
				ASSETCATALOG_COMPILER_APPICON_NAME = AppIcon;
				CODE_SIGN_IDENTITY = "Mac Developer";
				CODE_SIGN_STYLE = Automatic;
				COMBINE_HIDPI_IMAGES = YES;
				DEVELOPMENT_TEAM = 6CW3378X23;
				INFOPLIST_FILE = SwitchNetworkInstaller/Info.plist;
				LD_RUNPATH_SEARCH_PATHS = (
					"$(inherited)",
					"@executable_path/../Frameworks",
				);
				PRODUCT_BUNDLE_IDENTIFIER = com.dylanelliott.SwitchNetworkInstaller;
				PRODUCT_NAME = "$(TARGET_NAME)";
				PROVISIONING_PROFILE_SPECIFIER = "";
				SWIFT_VERSION = 4.2;
			};
			name = Debug;
		};
		62134A2F21D8C475009B8B63 /* Release */ = {
			isa = XCBuildConfiguration;
			buildSettings = {
				ASSETCATALOG_COMPILER_APPICON_NAME = AppIcon;
				CODE_SIGN_IDENTITY = "Mac Developer";
				CODE_SIGN_STYLE = Automatic;
				COMBINE_HIDPI_IMAGES = YES;
				DEVELOPMENT_TEAM = 6CW3378X23;
				INFOPLIST_FILE = SwitchNetworkInstaller/Info.plist;
				LD_RUNPATH_SEARCH_PATHS = (
					"$(inherited)",
					"@executable_path/../Frameworks",
				);
				PRODUCT_BUNDLE_IDENTIFIER = com.dylanelliott.SwitchNetworkInstaller;
				PRODUCT_NAME = "$(TARGET_NAME)";
				PROVISIONING_PROFILE_SPECIFIER = "";
				SWIFT_VERSION = 4.2;
			};
			name = Release;
		};
/* End XCBuildConfiguration section */

/* Begin XCConfigurationList section */
		62134A1821D8C475009B8B63 /* Build configuration list for PBXProject "SwitchNetworkInstaller" */ = {
			isa = XCConfigurationList;
			buildConfigurations = (
				62134A2B21D8C475009B8B63 /* Debug */,
				62134A2C21D8C475009B8B63 /* Release */,
			);
			defaultConfigurationIsVisible = 0;
			defaultConfigurationName = Release;
		};
		62134A2D21D8C475009B8B63 /* Build configuration list for PBXNativeTarget "SwitchNetworkInstaller" */ = {
			isa = XCConfigurationList;
			buildConfigurations = (
				62134A2E21D8C475009B8B63 /* Debug */,
				62134A2F21D8C475009B8B63 /* Release */,
			);
			defaultConfigurationIsVisible = 0;
			defaultConfigurationName = Release;
		};
/* End XCConfigurationList section */
	};
	rootObject = 62134A1521D8C475009B8B63 /* Project object */;
}
